
Microsoft Visual Studio Solution File, Format Version 12.00
# Visual Studio Version 17
VisualStudioVersion = 17.8.34330.188
MinimumVisualStudioVersion = 10.0.40219.1
Project("{FAE04EC0-301F-11D3-BF4B-00C04F79EFBC}") = "WpfClientNamedPipe", "WpfClientNamedPipe\WpfClientNamedPipe.csproj", "{87A60205-95D8-4A93-A9CD-F4D8A1B594D2}"
EndProject
Project("{FAE04EC0-301F-11D3-BF4B-00C04F79EFBC}") = "WpfServerNamedPipe", "WpfServerNamedPipe\WpfServerNamedPipe.csproj", "{9E96C499-831A-4F64-9907-FAB4EF17803B}"
EndProject
Global
	GlobalSection(SolutionConfigurationPlatforms) = preSolution
		Debug|Any CPU = Debug|Any CPU
		Release|Any CPU = Release|Any CPU
	EndGlobalSection
	GlobalSection(ProjectConfigurationPlatforms) = postSolution
		{87A60205-95D8-4A93-A9CD-F4D8A1B594D2}.Debug|Any CPU.ActiveCfg = Debug|Any CPU
		{87A60205-95D8-4A93-A9CD-F4D8A1B594D2}.Debug|Any CPU.Build.0 = Debug|Any CPU
		{87A60205-95D8-4A93-A9CD-F4D8A1B594D2}.Release|Any CPU.ActiveCfg = Release|Any CPU
		{87A60205-95D8-4A93-A9CD-F4D8A1B594D2}.Release|Any CPU.Build.0 = Release|Any CPU
		{9E96C499-831A-4F64-9907-FAB4EF17803B}.Debug|Any CPU.ActiveCfg = Debug|Any CPU
		{9E96C499-831A-4F64-9907-FAB4EF17803B}.Debug|Any CPU.Build.0 = Debug|Any CPU
		{9E96C499-831A-4F64-9907-FAB4EF17803B}.Release|Any CPU.ActiveCfg = Release|Any CPU
		{9E96C499-831A-4F64-9907-FAB4EF17803B}.Release|Any CPU.Build.0 = Release|Any CPU
	EndGlobalSection
	GlobalSection(SolutionProperties) = preSolution
		HideSolutionNode = FALSE
	EndGlobalSection
	GlobalSection(ExtensibilityGlobals) = postSolution
		SolutionGuid = {E61C9275-0C06-45D2-BD8C-0EA8097CA310}
	EndGlobalSection
EndGlobal
